
Microsoft Visual Studio Solution File, Format Version 12.00
# Visual Studio Version 16
VisualStudioVersion = 16.0.28922.388
MinimumVisualStudioVersion = 10.0.40219.1
Project("{FAE04EC0-301F-11D3-BF4B-00C04F79EFBC}") = "CsharpHelpers", "CsharpHelpers\CsharpHelpers.csproj", "{A40CC92E-5E23-4A22-A58A-F575F1C4CE60}"
EndProject
Global
	GlobalSection(SolutionConfigurationPlatforms) = preSolution
		Debug|x64 = Debug|x64
		Release|x64 = Release|x64
	EndGlobalSection
	GlobalSection(ProjectConfigurationPlatforms) = postSolution
		{A40CC92E-5E23-4A22-A58A-F575F1C4CE60}.Debug|x64.ActiveCfg = Debug|x64
		{A40CC92E-5E23-4A22-A58A-F575F1C4CE60}.Debug|x64.Build.0 = Debug|x64
		{A40CC92E-5E23-4A22-A58A-F575F1C4CE60}.Release|x64.ActiveCfg = Release|x64
		{A40CC92E-5E23-4A22-A58A-F575F1C4CE60}.Release|x64.Build.0 = Release|x64
	EndGlobalSection
	GlobalSection(SolutionProperties) = preSolution
		HideSolutionNode = FALSE
	EndGlobalSection
	GlobalSection(ExtensibilityGlobals) = postSolution
		SolutionGuid = {2B21B556-D63F-46FF-960C-DBE4DF8A6056}
	EndGlobalSection
EndGlobal
